// !$*UTF8*$!
{
	archiveVersion = 1;
	classes = {
	};
	objectVersion = 56;
	objects = {

/* Begin PBXBuildFile section */
		6B6915922C7EF2B6000F138D /* CoreSwiftDataApp.swift in Sources */ = {isa = PBXBuildFile; fileRef = 6B6915912C7EF2B6000F138D /* CoreSwiftDataApp.swift */; };
		6B6915942C7EF2B6000F138D /* CoreDataFetch.swift in Sources */ = {isa = PBXBuildFile; fileRef = 6B6915932C7EF2B6000F138D /* CoreDataFetch.swift */; };
		6B6915962C7EF2B8000F138D /* Assets.xcassets in Resources */ = {isa = PBXBuildFile; fileRef = 6B6915952C7EF2B8000F138D /* Assets.xcassets */; };
		6B6915992C7EF2B8000F138D /* Preview Assets.xcassets in Resources */ = {isa = PBXBuildFile; fileRef = 6B6915982C7EF2B8000F138D /* Preview Assets.xcassets */; };
		6B69159B2C7EF2B8000F138D /* Persistence.swift in Sources */ = {isa = PBXBuildFile; fileRef = 6B69159A2C7EF2B8000F138D /* Persistence.swift */; };
		6B69159E2C7EF2B8000F138D /* CoreSwiftData.xcdatamodeld in Sources */ = {isa = PBXBuildFile; fileRef = 6B69159C2C7EF2B8000F138D /* CoreSwiftData.xcdatamodeld */; };
		6B6915A82C7EF2B8000F138D /* CoreSwiftDataTests.swift in Sources */ = {isa = PBXBuildFile; fileRef = 6B6915A72C7EF2B8000F138D /* CoreSwiftDataTests.swift */; };
		6B6915B22C7EF2B8000F138D /* CoreSwiftDataUITests.swift in Sources */ = {isa = PBXBuildFile; fileRef = 6B6915B12C7EF2B8000F138D /* CoreSwiftDataUITests.swift */; };
		6B6915B42C7EF2B8000F138D /* CoreSwiftDataUITestsLaunchTests.swift in Sources */ = {isa = PBXBuildFile; fileRef = 6B6915B32C7EF2B8000F138D /* CoreSwiftDataUITestsLaunchTests.swift */; };
		6B6915C12C7EF488000F138D /* README.md in Resources */ = {isa = PBXBuildFile; fileRef = 6B6915C02C7EF488000F138D /* README.md */; };
		6BFBAA482C874D0300588B14 /* CoreDataMVVM.swift in Sources */ = {isa = PBXBuildFile; fileRef = 6BFBAA472C874D0300588B14 /* CoreDataMVVM.swift */; };
		6BFBAA4E2C87512000588B14 /* VegetableContainer.xcdatamodeld in Sources */ = {isa = PBXBuildFile; fileRef = 6BFBAA4C2C87512000588B14 /* VegetableContainer.xcdatamodeld */; };
/* End PBXBuildFile section */

/* Begin PBXContainerItemProxy section */
		6B6915A42C7EF2B8000F138D /* PBXContainerItemProxy */ = {
			isa = PBXContainerItemProxy;
			containerPortal = 6B6915862C7EF2B6000F138D /* Project object */;
			proxyType = 1;
			remoteGlobalIDString = 6B69158D2C7EF2B6000F138D;
			remoteInfo = CoreSwiftData;
		};
		6B6915AE2C7EF2B8000F138D /* PBXContainerItemProxy */ = {
			isa = PBXContainerItemProxy;
			containerPortal = 6B6915862C7EF2B6000F138D /* Project object */;
			proxyType = 1;
			remoteGlobalIDString = 6B69158D2C7EF2B6000F138D;
			remoteInfo = CoreSwiftData;
		};
/* End PBXContainerItemProxy section */

/* Begin PBXFileReference section */
		6B69158E2C7EF2B6000F138D /* CoreSwiftData.app */ = {isa = PBXFileReference; explicitFileType = wrapper.application; includeInIndex = 0; path = CoreSwiftData.app; sourceTree = BUILT_PRODUCTS_DIR; };
		6B6915912C7EF2B6000F138D /* CoreSwiftDataApp.swift */ = {isa = PBXFileReference; lastKnownFileType = sourcecode.swift; path = CoreSwiftDataApp.swift; sourceTree = "<group>"; };
		6B6915932C7EF2B6000F138D /* CoreDataFetch.swift */ = {isa = PBXFileReference; lastKnownFileType = sourcecode.swift; path = CoreDataFetch.swift; sourceTree = "<group>"; };
		6B6915952C7EF2B8000F138D /* Assets.xcassets */ = {isa = PBXFileReference; lastKnownFileType = folder.assetcatalog; path = Assets.xcassets; sourceTree = "<group>"; };
		6B6915982C7EF2B8000F138D /* Preview Assets.xcassets */ = {isa = PBXFileReference; lastKnownFileType = folder.assetcatalog; path = "Preview Assets.xcassets"; sourceTree = "<group>"; };
		6B69159A2C7EF2B8000F138D /* Persistence.swift */ = {isa = PBXFileReference; lastKnownFileType = sourcecode.swift; path = Persistence.swift; sourceTree = "<group>"; };
		6B69159D2C7EF2B8000F138D /* CoreSwiftData.xcdatamodel */ = {isa = PBXFileReference; lastKnownFileType = wrapper.xcdatamodel; path = CoreSwiftData.xcdatamodel; sourceTree = "<group>"; };
		6B6915A32C7EF2B8000F138D /* CoreSwiftDataTests.xctest */ = {isa = PBXFileReference; explicitFileType = wrapper.cfbundle; includeInIndex = 0; path = CoreSwiftDataTests.xctest; sourceTree = BUILT_PRODUCTS_DIR; };
		6B6915A72C7EF2B8000F138D /* CoreSwiftDataTests.swift */ = {isa = PBXFileReference; lastKnownFileType = sourcecode.swift; path = CoreSwiftDataTests.swift; sourceTree = "<group>"; };
		6B6915AD2C7EF2B8000F138D /* CoreSwiftDataUITests.xctest */ = {isa = PBXFileReference; explicitFileType = wrapper.cfbundle; includeInIndex = 0; path = CoreSwiftDataUITests.xctest; sourceTree = BUILT_PRODUCTS_DIR; };
		6B6915B12C7EF2B8000F138D /* CoreSwiftDataUITests.swift */ = {isa = PBXFileReference; lastKnownFileType = sourcecode.swift; path = CoreSwiftDataUITests.swift; sourceTree = "<group>"; };
		6B6915B32C7EF2B8000F138D /* CoreSwiftDataUITestsLaunchTests.swift */ = {isa = PBXFileReference; lastKnownFileType = sourcecode.swift; path = CoreSwiftDataUITestsLaunchTests.swift; sourceTree = "<group>"; };
		6B6915C02C7EF488000F138D /* README.md */ = {isa = PBXFileReference; fileEncoding = 4; lastKnownFileType = net.daringfireball.markdown; path = README.md; sourceTree = "<group>"; };
		6BFBAA472C874D0300588B14 /* CoreDataMVVM.swift */ = {isa = PBXFileReference; lastKnownFileType = sourcecode.swift; path = CoreDataMVVM.swift; sourceTree = "<group>"; };
		6BFBAA4D2C87512000588B14 /* VegetableContainer.xcdatamodel */ = {isa = PBXFileReference; lastKnownFileType = wrapper.xcdatamodel; path = VegetableContainer.xcdatamodel; sourceTree = "<group>"; };
/* End PBXFileReference section */

/* Begin PBXFrameworksBuildPhase section */
		6B69158B2C7EF2B6000F138D /* Frameworks */ = {
			isa = PBXFrameworksBuildPhase;
			buildActionMask = 2147483647;
			files = (
			);
			runOnlyForDeploymentPostprocessing = 0;
		};
		6B6915A02C7EF2B8000F138D /* Frameworks */ = {
			isa = PBXFrameworksBuildPhase;
			buildActionMask = 2147483647;
			files = (
			);
			runOnlyForDeploymentPostprocessing = 0;
		};
		6B6915AA2C7EF2B8000F138D /* Frameworks */ = {
			isa = PBXFrameworksBuildPhase;
			buildActionMask = 2147483647;
			files = (
			);
			runOnlyForDeploymentPostprocessing = 0;
		};
/* End PBXFrameworksBuildPhase section */

/* Begin PBXGroup section */
		6B6915852C7EF2B6000F138D = {
			isa = PBXGroup;
			children = (
				6B6915C02C7EF488000F138D /* README.md */,
				6B6915902C7EF2B6000F138D /* CoreSwiftData */,
				6B6915A62C7EF2B8000F138D /* CoreSwiftDataTests */,
				6B6915B02C7EF2B8000F138D /* CoreSwiftDataUITests */,
				6B69158F2C7EF2B6000F138D /* Products */,
			);
			sourceTree = "<group>";
		};
		6B69158F2C7EF2B6000F138D /* Products */ = {
			isa = PBXGroup;
			children = (
				6B69158E2C7EF2B6000F138D /* CoreSwiftData.app */,
				6B6915A32C7EF2B8000F138D /* CoreSwiftDataTests.xctest */,
				6B6915AD2C7EF2B8000F138D /* CoreSwiftDataUITests.xctest */,
			);
			name = Products;
			sourceTree = "<group>";
		};
		6B6915902C7EF2B6000F138D /* CoreSwiftData */ = {
			isa = PBXGroup;
			children = (
				6B6915912C7EF2B6000F138D /* CoreSwiftDataApp.swift */,
				6B6915932C7EF2B6000F138D /* CoreDataFetch.swift */,
				6BFBAA472C874D0300588B14 /* CoreDataMVVM.swift */,
				6B6915952C7EF2B8000F138D /* Assets.xcassets */,
				6B69159A2C7EF2B8000F138D /* Persistence.swift */,
				6B69159C2C7EF2B8000F138D /* CoreSwiftData.xcdatamodeld */,
				6BFBAA4C2C87512000588B14 /* VegetableContainer.xcdatamodeld */,
				6B6915972C7EF2B8000F138D /* Preview Content */,
			);
			path = CoreSwiftData;
			sourceTree = "<group>";
		};
		6B6915972C7EF2B8000F138D /* Preview Content */ = {
			isa = PBXGroup;
			children = (
				6B6915982C7EF2B8000F138D /* Preview Assets.xcassets */,
			);
			path = "Preview Content";
			sourceTree = "<group>";
		};
		6B6915A62C7EF2B8000F138D /* CoreSwiftDataTests */ = {
			isa = PBXGroup;
			children = (
				6B6915A72C7EF2B8000F138D /* CoreSwiftDataTests.swift */,
			);
			path = CoreSwiftDataTests;
			sourceTree = "<group>";
		};
		6B6915B02C7EF2B8000F138D /* CoreSwiftDataUITests */ = {
			isa = PBXGroup;
			children = (
				6B6915B12C7EF2B8000F138D /* CoreSwiftDataUITests.swift */,
				6B6915B32C7EF2B8000F138D /* CoreSwiftDataUITestsLaunchTests.swift */,
			);
			path = CoreSwiftDataUITests;
			sourceTree = "<group>";
		};
/* End PBXGroup section */

/* Begin PBXNativeTarget section */
		6B69158D2C7EF2B6000F138D /* CoreSwiftData */ = {
			isa = PBXNativeTarget;
			buildConfigurationList = 6B6915B72C7EF2B8000F138D /* Build configuration list for PBXNativeTarget "CoreSwiftData" */;
			buildPhases = (
				6B69158A2C7EF2B6000F138D /* Sources */,
				6B69158B2C7EF2B6000F138D /* Frameworks */,
				6B69158C2C7EF2B6000F138D /* Resources */,
			);
			buildRules = (
			);
			dependencies = (
			);
			name = CoreSwiftData;
			productName = CoreSwiftData;
			productReference = 6B69158E2C7EF2B6000F138D /* CoreSwiftData.app */;
			productType = "com.apple.product-type.application";
		};
		6B6915A22C7EF2B8000F138D /* CoreSwiftDataTests */ = {
			isa = PBXNativeTarget;
			buildConfigurationList = 6B6915BA2C7EF2B8000F138D /* Build configuration list for PBXNativeTarget "CoreSwiftDataTests" */;
			buildPhases = (
				6B69159F2C7EF2B8000F138D /* Sources */,
				6B6915A02C7EF2B8000F138D /* Frameworks */,
				6B6915A12C7EF2B8000F138D /* Resources */,
			);
			buildRules = (
			);
			dependencies = (
				6B6915A52C7EF2B8000F138D /* PBXTargetDependency */,
			);
			name = CoreSwiftDataTests;
			productName = CoreSwiftDataTests;
			productReference = 6B6915A32C7EF2B8000F138D /* CoreSwiftDataTests.xctest */;
			productType = "com.apple.product-type.bundle.unit-test";
		};
		6B6915AC2C7EF2B8000F138D /* CoreSwiftDataUITests */ = {
			isa = PBXNativeTarget;
			buildConfigurationList = 6B6915BD2C7EF2B8000F138D /* Build configuration list for PBXNativeTarget "CoreSwiftDataUITests" */;
			buildPhases = (
				6B6915A92C7EF2B8000F138D /* Sources */,
				6B6915AA2C7EF2B8000F138D /* Frameworks */,
				6B6915AB2C7EF2B8000F138D /* Resources */,
			);
			buildRules = (
			);
			dependencies = (
				6B6915AF2C7EF2B8000F138D /* PBXTargetDependency */,
			);
			name = CoreSwiftDataUITests;
			productName = CoreSwiftDataUITests;
			productReference = 6B6915AD2C7EF2B8000F138D /* CoreSwiftDataUITests.xctest */;
			productType = "com.apple.product-type.bundle.ui-testing";
		};
/* End PBXNativeTarget section */

/* Begin PBXProject section */
		6B6915862C7EF2B6000F138D /* Project object */ = {
			isa = PBXProject;
			attributes = {
				BuildIndependentTargetsInParallel = 1;
				LastSwiftUpdateCheck = 1540;
				LastUpgradeCheck = 1540;
				TargetAttributes = {
					6B69158D2C7EF2B6000F138D = {
						CreatedOnToolsVersion = 15.4;
					};
					6B6915A22C7EF2B8000F138D = {
						CreatedOnToolsVersion = 15.4;
						TestTargetID = 6B69158D2C7EF2B6000F138D;
					};
					6B6915AC2C7EF2B8000F138D = {
						CreatedOnToolsVersion = 15.4;
						TestTargetID = 6B69158D2C7EF2B6000F138D;
					};
				};
			};
			buildConfigurationList = 6B6915892C7EF2B6000F138D /* Build configuration list for PBXProject "CoreSwiftData" */;
			compatibilityVersion = "Xcode 14.0";
			developmentRegion = en;
			hasScannedForEncodings = 0;
			knownRegions = (
				en,
				Base,
			);
			mainGroup = 6B6915852C7EF2B6000F138D;
			productRefGroup = 6B69158F2C7EF2B6000F138D /* Products */;
			projectDirPath = "";
			projectRoot = "";
			targets = (
				6B69158D2C7EF2B6000F138D /* CoreSwiftData */,
				6B6915A22C7EF2B8000F138D /* CoreSwiftDataTests */,
				6B6915AC2C7EF2B8000F138D /* CoreSwiftDataUITests */,
			);
		};
/* End PBXProject section */

/* Begin PBXResourcesBuildPhase section */
		6B69158C2C7EF2B6000F138D /* Resources */ = {
			isa = PBXResourcesBuildPhase;
			buildActionMask = 2147483647;
			files = (
				6B6915C12C7EF488000F138D /* README.md in Resources */,
				6B6915992C7EF2B8000F138D /* Preview Assets.xcassets in Resources */,
				6B6915962C7EF2B8000F138D /* Assets.xcassets in Resources */,
			);
			runOnlyForDeploymentPostprocessing = 0;
		};
		6B6915A12C7EF2B8000F138D /* Resources */ = {
			isa = PBXResourcesBuildPhase;
			buildActionMask = 2147483647;
			files = (
			);
			runOnlyForDeploymentPostprocessing = 0;
		};
		6B6915AB2C7EF2B8000F138D /* Resources */ = {
			isa = PBXResourcesBuildPhase;
			buildActionMask = 2147483647;
			files = (
			);
			runOnlyForDeploymentPostprocessing = 0;
		};
/* End PBXResourcesBuildPhase section */

/* Begin PBXSourcesBuildPhase section */
		6B69158A2C7EF2B6000F138D /* Sources */ = {
			isa = PBXSourcesBuildPhase;
			buildActionMask = 2147483647;
			files = (
				6B69159B2C7EF2B8000F138D /* Persistence.swift in Sources */,
				6B6915942C7EF2B6000F138D /* CoreDataFetch.swift in Sources */,
				6B69159E2C7EF2B8000F138D /* CoreSwiftData.xcdatamodeld in Sources */,
				6B6915922C7EF2B6000F138D /* CoreSwiftDataApp.swift in Sources */,
				6BFBAA482C874D0300588B14 /* CoreDataMVVM.swift in Sources */,
				6BFBAA4E2C87512000588B14 /* VegetableContainer.xcdatamodeld in Sources */,
			);
			runOnlyForDeploymentPostprocessing = 0;
		};
		6B69159F2C7EF2B8000F138D /* Sources */ = {
			isa = PBXSourcesBuildPhase;
			buildActionMask = 2147483647;
			files = (
				6B6915A82C7EF2B8000F138D /* CoreSwiftDataTests.swift in Sources */,
			);
			runOnlyForDeploymentPostprocessing = 0;
		};
		6B6915A92C7EF2B8000F138D /* Sources */ = {
			isa = PBXSourcesBuildPhase;
			buildActionMask = 2147483647;
			files = (
				6B6915B22C7EF2B8000F138D /* CoreSwiftDataUITests.swift in Sources */,
				6B6915B42C7EF2B8000F138D /* CoreSwiftDataUITestsLaunchTests.swift in Sources */,
			);
			runOnlyForDeploymentPostprocessing = 0;
		};
/* End PBXSourcesBuildPhase section */

/* Begin PBXTargetDependency section */
		6B6915A52C7EF2B8000F138D /* PBXTargetDependency */ = {
			isa = PBXTargetDependency;
			target = 6B69158D2C7EF2B6000F138D /* CoreSwiftData */;
			targetProxy = 6B6915A42C7EF2B8000F138D /* PBXContainerItemProxy */;
		};
		6B6915AF2C7EF2B8000F138D /* PBXTargetDependency */ = {
			isa = PBXTargetDependency;
			target = 6B69158D2C7EF2B6000F138D /* CoreSwiftData */;
			targetProxy = 6B6915AE2C7EF2B8000F138D /* PBXContainerItemProxy */;
		};
/* End PBXTargetDependency section */

/* Begin XCBuildConfiguration section */
		6B6915B52C7EF2B8000F138D /* Debug */ = {
			isa = XCBuildConfiguration;
			buildSettings = {
				ALWAYS_SEARCH_USER_PATHS = NO;
				ASSETCATALOG_COMPILER_GENERATE_SWIFT_ASSET_SYMBOL_EXTENSIONS = YES;
				CLANG_ANALYZER_NONNULL = YES;
				CLANG_ANALYZER_NUMBER_OBJECT_CONVERSION = YES_AGGRESSIVE;
				CLANG_CXX_LANGUAGE_STANDARD = "gnu++20";
				CLANG_ENABLE_MODULES = YES;
				CLANG_ENABLE_OBJC_ARC = YES;
				CLANG_ENABLE_OBJC_WEAK = YES;
				CLANG_WARN_BLOCK_CAPTURE_AUTORELEASING = YES;
				CLANG_WARN_BOOL_CONVERSION = YES;
				CLANG_WARN_COMMA = YES;
				CLANG_WARN_CONSTANT_CONVERSION = YES;
				CLANG_WARN_DEPRECATED_OBJC_IMPLEMENTATIONS = YES;
				CLANG_WARN_DIRECT_OBJC_ISA_USAGE = YES_ERROR;
				CLANG_WARN_DOCUMENTATION_COMMENTS = YES;
				CLANG_WARN_EMPTY_BODY = YES;
				CLANG_WARN_ENUM_CONVERSION = YES;
				CLANG_WARN_INFINITE_RECURSION = YES;
				CLANG_WARN_INT_CONVERSION = YES;
				CLANG_WARN_NON_LITERAL_NULL_CONVERSION = YES;
				CLANG_WARN_OBJC_IMPLICIT_RETAIN_SELF = YES;
				CLANG_WARN_OBJC_LITERAL_CONVERSION = YES;
				CLANG_WARN_OBJC_ROOT_CLASS = YES_ERROR;
				CLANG_WARN_QUOTED_INCLUDE_IN_FRAMEWORK_HEADER = YES;
				CLANG_WARN_RANGE_LOOP_ANALYSIS = YES;
				CLANG_WARN_STRICT_PROTOTYPES = YES;
				CLANG_WARN_SUSPICIOUS_MOVE = YES;
				CLANG_WARN_UNGUARDED_AVAILABILITY = YES_AGGRESSIVE;
				CLANG_WARN_UNREACHABLE_CODE = YES;
				CLANG_WARN__DUPLICATE_METHOD_MATCH = YES;
				COPY_PHASE_STRIP = NO;
				DEBUG_INFORMATION_FORMAT = dwarf;
				ENABLE_STRICT_OBJC_MSGSEND = YES;
				ENABLE_TESTABILITY = YES;
				ENABLE_USER_SCRIPT_SANDBOXING = YES;
				GCC_C_LANGUAGE_STANDARD = gnu17;
				GCC_DYNAMIC_NO_PIC = NO;
				GCC_NO_COMMON_BLOCKS = YES;
				GCC_OPTIMIZATION_LEVEL = 0;
				GCC_PREPROCESSOR_DEFINITIONS = (
					"DEBUG=1",
					"$(inherited)",
				);
				GCC_WARN_64_TO_32_BIT_CONVERSION = YES;
				GCC_WARN_ABOUT_RETURN_TYPE = YES_ERROR;
				GCC_WARN_UNDECLARED_SELECTOR = YES;
				GCC_WARN_UNINITIALIZED_AUTOS = YES_AGGRESSIVE;
				GCC_WARN_UNUSED_FUNCTION = YES;
				GCC_WARN_UNUSED_VARIABLE = YES;
				IPHONEOS_DEPLOYMENT_TARGET = 17.5;
				LOCALIZATION_PREFERS_STRING_CATALOGS = YES;
				MTL_ENABLE_DEBUG_INFO = INCLUDE_SOURCE;
				MTL_FAST_MATH = YES;
				ONLY_ACTIVE_ARCH = YES;
				SDKROOT = iphoneos;
				SWIFT_ACTIVE_COMPILATION_CONDITIONS = "DEBUG $(inherited)";
				SWIFT_OPTIMIZATION_LEVEL = "-Onone";
			};
			name = Debug;
		};
		6B6915B62C7EF2B8000F138D /* Release */ = {
			isa = XCBuildConfiguration;
			buildSettings = {
				ALWAYS_SEARCH_USER_PATHS = NO;
				ASSETCATALOG_COMPILER_GENERATE_SWIFT_ASSET_SYMBOL_EXTENSIONS = YES;
				CLANG_ANALYZER_NONNULL = YES;
				CLANG_ANALYZER_NUMBER_OBJECT_CONVERSION = YES_AGGRESSIVE;
				CLANG_CXX_LANGUAGE_STANDARD = "gnu++20";
				CLANG_ENABLE_MODULES = YES;
				CLANG_ENABLE_OBJC_ARC = YES;
				CLANG_ENABLE_OBJC_WEAK = YES;
				CLANG_WARN_BLOCK_CAPTURE_AUTORELEASING = YES;
				CLANG_WARN_BOOL_CONVERSION = YES;
				CLANG_WARN_COMMA = YES;
				CLANG_WARN_CONSTANT_CONVERSION = YES;
				CLANG_WARN_DEPRECATED_OBJC_IMPLEMENTATIONS = YES;
				CLANG_WARN_DIRECT_OBJC_ISA_USAGE = YES_ERROR;
				CLANG_WARN_DOCUMENTATION_COMMENTS = YES;
				CLANG_WARN_EMPTY_BODY = YES;
				CLANG_WARN_ENUM_CONVERSION = YES;
				CLANG_WARN_INFINITE_RECURSION = YES;
				CLANG_WARN_INT_CONVERSION = YES;
				CLANG_WARN_NON_LITERAL_NULL_CONVERSION = YES;
				CLANG_WARN_OBJC_IMPLICIT_RETAIN_SELF = YES;
				CLANG_WARN_OBJC_LITERAL_CONVERSION = YES;
				CLANG_WARN_OBJC_ROOT_CLASS = YES_ERROR;
				CLANG_WARN_QUOTED_INCLUDE_IN_FRAMEWORK_HEADER = YES;
				CLANG_WARN_RANGE_LOOP_ANALYSIS = YES;
				CLANG_WARN_STRICT_PROTOTYPES = YES;
				CLANG_WARN_SUSPICIOUS_MOVE = YES;
				CLANG_WARN_UNGUARDED_AVAILABILITY = YES_AGGRESSIVE;
				CLANG_WARN_UNREACHABLE_CODE = YES;
				CLANG_WARN__DUPLICATE_METHOD_MATCH = YES;
				COPY_PHASE_STRIP = NO;
				DEBUG_INFORMATION_FORMAT = "dwarf-with-dsym";
				ENABLE_NS_ASSERTIONS = NO;
				ENABLE_STRICT_OBJC_MSGSEND = YES;
				ENABLE_USER_SCRIPT_SANDBOXING = YES;
				GCC_C_LANGUAGE_STANDARD = gnu17;
				GCC_NO_COMMON_BLOCKS = YES;
				GCC_WARN_64_TO_32_BIT_CONVERSION = YES;
				GCC_WARN_ABOUT_RETURN_TYPE = YES_ERROR;
				GCC_WARN_UNDECLARED_SELECTOR = YES;
				GCC_WARN_UNINITIALIZED_AUTOS = YES_AGGRESSIVE;
				GCC_WARN_UNUSED_FUNCTION = YES;
				GCC_WARN_UNUSED_VARIABLE = YES;
				IPHONEOS_DEPLOYMENT_TARGET = 17.5;
				LOCALIZATION_PREFERS_STRING_CATALOGS = YES;
				MTL_ENABLE_DEBUG_INFO = NO;
				MTL_FAST_MATH = YES;
				SDKROOT = iphoneos;
				SWIFT_COMPILATION_MODE = wholemodule;
				VALIDATE_PRODUCT = YES;
			};
			name = Release;
		};
		6B6915B82C7EF2B8000F138D /* Debug */ = {
			isa = XCBuildConfiguration;
			buildSettings = {
				ASSETCATALOG_COMPILER_APPICON_NAME = AppIcon;
				ASSETCATALOG_COMPILER_GLOBAL_ACCENT_COLOR_NAME = AccentColor;
				CODE_SIGN_STYLE = Automatic;
				CURRENT_PROJECT_VERSION = 1;
				DEVELOPMENT_ASSET_PATHS = "\"CoreSwiftData/Preview Content\"";
				DEVELOPMENT_TEAM = 3LU756Z7J5;
				ENABLE_PREVIEWS = YES;
				GENERATE_INFOPLIST_FILE = YES;
				INFOPLIST_KEY_UIApplicationSceneManifest_Generation = YES;
				INFOPLIST_KEY_UIApplicationSupportsIndirectInputEvents = YES;
				INFOPLIST_KEY_UILaunchScreen_Generation = YES;
				INFOPLIST_KEY_UISupportedInterfaceOrientations_iPad = "UIInterfaceOrientationPortrait UIInterfaceOrientationPortraitUpsideDown UIInterfaceOrientationLandscapeLeft UIInterfaceOrientationLandscapeRight";
				INFOPLIST_KEY_UISupportedInterfaceOrientations_iPhone = "UIInterfaceOrientationPortrait UIInterfaceOrientationLandscapeLeft UIInterfaceOrientationLandscapeRight";
				LD_RUNPATH_SEARCH_PATHS = (
					"$(inherited)",
					"@executable_path/Frameworks",
				);
				MARKETING_VERSION = 1.0;
				PRODUCT_BUNDLE_IDENTIFIER = com.maziarlayeghkar.CoreSwiftData;
				PRODUCT_NAME = "$(TARGET_NAME)";
				SWIFT_EMIT_LOC_STRINGS = YES;
				SWIFT_VERSION = 5.0;
				TARGETED_DEVICE_FAMILY = "1,2";
			};
			name = Debug;
		};
		6B6915B92C7EF2B8000F138D /* Release */ = {
			isa = XCBuildConfiguration;
			buildSettings = {
				ASSETCATALOG_COMPILER_APPICON_NAME = AppIcon;
				ASSETCATALOG_COMPILER_GLOBAL_ACCENT_COLOR_NAME = AccentColor;
				CODE_SIGN_STYLE = Automatic;
				CURRENT_PROJECT_VERSION = 1;
				DEVELOPMENT_ASSET_PATHS = "\"CoreSwiftData/Preview Content\"";
				DEVELOPMENT_TEAM = 3LU756Z7J5;
				ENABLE_PREVIEWS = YES;
				GENERATE_INFOPLIST_FILE = YES;
				INFOPLIST_KEY_UIApplicationSceneManifest_Generation = YES;
				INFOPLIST_KEY_UIApplicationSupportsIndirectInputEvents = YES;
				INFOPLIST_KEY_UILaunchScreen_Generation = YES;
				INFOPLIST_KEY_UISupportedInterfaceOrientations_iPad = "UIInterfaceOrientationPortrait UIInterfaceOrientationPortraitUpsideDown UIInterfaceOrientationLandscapeLeft UIInterfaceOrientationLandscapeRight";
				INFOPLIST_KEY_UISupportedInterfaceOrientations_iPhone = "UIInterfaceOrientationPortrait UIInterfaceOrientationLandscapeLeft UIInterfaceOrientationLandscapeRight";
				LD_RUNPATH_SEARCH_PATHS = (
					"$(inherited)",
					"@executable_path/Frameworks",
				);
				MARKETING_VERSION = 1.0;
				PRODUCT_BUNDLE_IDENTIFIER = com.maziarlayeghkar.CoreSwiftData;
				PRODUCT_NAME = "$(TARGET_NAME)";
				SWIFT_EMIT_LOC_STRINGS = YES;
				SWIFT_VERSION = 5.0;
				TARGETED_DEVICE_FAMILY = "1,2";
			};
			name = Release;
		};
		6B6915BB2C7EF2B8000F138D /* Debug */ = {
			isa = XCBuildConfiguration;
			buildSettings = {
				ALWAYS_EMBED_SWIFT_STANDARD_LIBRARIES = YES;
				BUNDLE_LOADER = "$(TEST_HOST)";
				CODE_SIGN_STYLE = Automatic;
				CURRENT_PROJECT_VERSION = 1;
				DEVELOPMENT_TEAM = 3LU756Z7J5;
				GENERATE_INFOPLIST_FILE = YES;
				IPHONEOS_DEPLOYMENT_TARGET = 17.5;
				MARKETING_VERSION = 1.0;
				PRODUCT_BUNDLE_IDENTIFIER = com.maziarlayeghkar.CoreSwiftDataTests;
				PRODUCT_NAME = "$(TARGET_NAME)";
				SWIFT_EMIT_LOC_STRINGS = NO;
				SWIFT_VERSION = 5.0;
				TARGETED_DEVICE_FAMILY = "1,2";
				TEST_HOST = "$(BUILT_PRODUCTS_DIR)/CoreSwiftData.app/$(BUNDLE_EXECUTABLE_FOLDER_PATH)/CoreSwiftData";
			};
			name = Debug;
		};
		6B6915BC2C7EF2B8000F138D /* Release */ = {
			isa = XCBuildConfiguration;
			buildSettings = {
				ALWAYS_EMBED_SWIFT_STANDARD_LIBRARIES = YES;
				BUNDLE_LOADER = "$(TEST_HOST)";
				CODE_SIGN_STYLE = Automatic;
				CURRENT_PROJECT_VERSION = 1;
				DEVELOPMENT_TEAM = 3LU756Z7J5;
				GENERATE_INFOPLIST_FILE = YES;
				IPHONEOS_DEPLOYMENT_TARGET = 17.5;
				MARKETING_VERSION = 1.0;
				PRODUCT_BUNDLE_IDENTIFIER = com.maziarlayeghkar.CoreSwiftDataTests;
				PRODUCT_NAME = "$(TARGET_NAME)";
				SWIFT_EMIT_LOC_STRINGS = NO;
				SWIFT_VERSION = 5.0;
				TARGETED_DEVICE_FAMILY = "1,2";
				TEST_HOST = "$(BUILT_PRODUCTS_DIR)/CoreSwiftData.app/$(BUNDLE_EXECUTABLE_FOLDER_PATH)/CoreSwiftData";
			};
			name = Release;
		};
		6B6915BE2C7EF2B8000F138D /* Debug */ = {
			isa = XCBuildConfiguration;
			buildSettings = {
				ALWAYS_EMBED_SWIFT_STANDARD_LIBRARIES = YES;
				CODE_SIGN_STYLE = Automatic;
				CURRENT_PROJECT_VERSION = 1;
				DEVELOPMENT_TEAM = 3LU756Z7J5;
				GENERATE_INFOPLIST_FILE = YES;
				MARKETING_VERSION = 1.0;
				PRODUCT_BUNDLE_IDENTIFIER = com.maziarlayeghkar.CoreSwiftDataUITests;
				PRODUCT_NAME = "$(TARGET_NAME)";
				SWIFT_EMIT_LOC_STRINGS = NO;
				SWIFT_VERSION = 5.0;
				TARGETED_DEVICE_FAMILY = "1,2";
				TEST_TARGET_NAME = CoreSwiftData;
			};
			name = Debug;
		};
		6B6915BF2C7EF2B8000F138D /* Release */ = {
			isa = XCBuildConfiguration;
			buildSettings = {
				ALWAYS_EMBED_SWIFT_STANDARD_LIBRARIES = YES;
				CODE_SIGN_STYLE = Automatic;
				CURRENT_PROJECT_VERSION = 1;
				DEVELOPMENT_TEAM = 3LU756Z7J5;
				GENERATE_INFOPLIST_FILE = YES;
				MARKETING_VERSION = 1.0;
				PRODUCT_BUNDLE_IDENTIFIER = com.maziarlayeghkar.CoreSwiftDataUITests;
				PRODUCT_NAME = "$(TARGET_NAME)";
				SWIFT_EMIT_LOC_STRINGS = NO;
				SWIFT_VERSION = 5.0;
				TARGETED_DEVICE_FAMILY = "1,2";
				TEST_TARGET_NAME = CoreSwiftData;
			};
			name = Release;
		};
/* End XCBuildConfiguration section */

/* Begin XCConfigurationList section */
		6B6915892C7EF2B6000F138D /* Build configuration list for PBXProject "CoreSwiftData" */ = {
			isa = XCConfigurationList;
			buildConfigurations = (
				6B6915B52C7EF2B8000F138D /* Debug */,
				6B6915B62C7EF2B8000F138D /* Release */,
			);
			defaultConfigurationIsVisible = 0;
			defaultConfigurationName = Release;
		};
		6B6915B72C7EF2B8000F138D /* Build configuration list for PBXNativeTarget "CoreSwiftData" */ = {
			isa = XCConfigurationList;
			buildConfigurations = (
				6B6915B82C7EF2B8000F138D /* Debug */,
				6B6915B92C7EF2B8000F138D /* Release */,
			);
			defaultConfigurationIsVisible = 0;
			defaultConfigurationName = Release;
		};
		6B6915BA2C7EF2B8000F138D /* Build configuration list for PBXNativeTarget "CoreSwiftDataTests" */ = {
			isa = XCConfigurationList;
			buildConfigurations = (
				6B6915BB2C7EF2B8000F138D /* Debug */,
				6B6915BC2C7EF2B8000F138D /* Release */,
			);
			defaultConfigurationIsVisible = 0;
			defaultConfigurationName = Release;
		};
		6B6915BD2C7EF2B8000F138D /* Build configuration list for PBXNativeTarget "CoreSwiftDataUITests" */ = {
			isa = XCConfigurationList;
			buildConfigurations = (
				6B6915BE2C7EF2B8000F138D /* Debug */,
				6B6915BF2C7EF2B8000F138D /* Release */,
			);
			defaultConfigurationIsVisible = 0;
			defaultConfigurationName = Release;
		};
/* End XCConfigurationList section */

/* Begin XCVersionGroup section */
		6B69159C2C7EF2B8000F138D /* CoreSwiftData.xcdatamodeld */ = {
			isa = XCVersionGroup;
			children = (
				6B69159D2C7EF2B8000F138D /* CoreSwiftData.xcdatamodel */,
			);
			currentVersion = 6B69159D2C7EF2B8000F138D /* CoreSwiftData.xcdatamodel */;
			path = CoreSwiftData.xcdatamodeld;
			sourceTree = "<group>";
			versionGroupType = wrapper.xcdatamodel;
		};
		6BFBAA4C2C87512000588B14 /* VegetableContainer.xcdatamodeld */ = {
			isa = XCVersionGroup;
			children = (
				6BFBAA4D2C87512000588B14 /* VegetableContainer.xcdatamodel */,
			);
			currentVersion = 6BFBAA4D2C87512000588B14 /* VegetableContainer.xcdatamodel */;
			name = VegetableContainer.xcdatamodeld;
			path = /Users/maziarlayeghkar/Documents/CoreData/CoreSwiftData/CoreSwiftData/VegetableContainer.xcdatamodeld;
			sourceTree = "<group>";
			versionGroupType = wrapper.xcdatamodel;
		};
/* End XCVersionGroup section */
	};
	rootObject = 6B6915862C7EF2B6000F138D /* Project object */;
}
